
Microsoft Visual Studio Solution File, Format Version 12.00
# Visual Studio for Mac
Project("{FAE04EC0-301F-11D3-BF4B-00C04F79EFBC}") = "Echo Nite", "Assembly-CSharp.csproj", "{B758E537-A1BD-7BF8-7389-EA4EC230B653}"
EndProject
Global
	GlobalSection(SolutionConfigurationPlatforms) = preSolution
		Debug|Any CPU = Debug|Any CPU
		Release|Any CPU = Release|Any CPU
	EndGlobalSection
	GlobalSection(ProjectConfigurationPlatforms) = postSolution
		{B758E537-A1BD-7BF8-7389-EA4EC230B653}.Debug|Any CPU.ActiveCfg = Debug|Any CPU
		{B758E537-A1BD-7BF8-7389-EA4EC230B653}.Debug|Any CPU.Build.0 = Debug|Any CPU
		{B758E537-A1BD-7BF8-7389-EA4EC230B653}.Release|Any CPU.ActiveCfg = Release|Any CPU
		{B758E537-A1BD-7BF8-7389-EA4EC230B653}.Release|Any CPU.Build.0 = Release|Any CPU
	EndGlobalSection
	GlobalSection(SolutionProperties) = preSolution
		HideSolutionNode = FALSE
	EndGlobalSection
	GlobalSection(MonoDevelopProperties) = preSolution
		StartupItem = Assembly-CSharp.csproj
	EndGlobalSection
EndGlobal
